
Microsoft Visual Studio Solution File, Format Version 12.00
# Visual Studio 14
VisualStudioVersion = 14.0.23107.0
MinimumVisualStudioVersion = 10.0.40219.1
Project("{FAE04EC0-301F-11D3-BF4B-00C04F79EFBC}") = "01InsideTheBuilding", "01InsideTheBuilding\01InsideTheBuilding.csproj", "{2666F22A-9A11-4980-971D-5684233CF95E}"
EndProject
Project("{FAE04EC0-301F-11D3-BF4B-00C04F79EFBC}") = "02StudentCables", "02StudentCables\02StudentCables.csproj", "{E9B4EDAA-471A-48E4-B88B-606989FB43E4}"
EndProject
Project("{FAE04EC0-301F-11D3-BF4B-00C04F79EFBC}") = "03ProgrammerDNA", "03ProgrammerDNA\03ProgrammerDNA.csproj", "{CD7C4A3B-DC94-4359-AA15-F75AA21A81C4}"
EndProject
Project("{FAE04EC0-301F-11D3-BF4B-00C04F79EFBC}") = "04MagicCarNumbers", "04MagicCarNumbers\04MagicCarNumbers.csproj", "{6F17EF75-8020-420C-90B7-344A7ACCA744}"
EndProject
Project("{FAE04EC0-301F-11D3-BF4B-00C04F79EFBC}") = "05BitFlipper", "05BitFlipper\05BitFlipper.csproj", "{4F6EC8E9-23EA-43CE-A7C6-D2AF53F2B5B8}"
EndProject
Global
	GlobalSection(SolutionConfigurationPlatforms) = preSolution
		Debug|Any CPU = Debug|Any CPU
		Release|Any CPU = Release|Any CPU
	EndGlobalSection
	GlobalSection(ProjectConfigurationPlatforms) = postSolution
		{2666F22A-9A11-4980-971D-5684233CF95E}.Debug|Any CPU.ActiveCfg = Debug|Any CPU
		{2666F22A-9A11-4980-971D-5684233CF95E}.Debug|Any CPU.Build.0 = Debug|Any CPU
		{2666F22A-9A11-4980-971D-5684233CF95E}.Release|Any CPU.ActiveCfg = Release|Any CPU
		{2666F22A-9A11-4980-971D-5684233CF95E}.Release|Any CPU.Build.0 = Release|Any CPU
		{E9B4EDAA-471A-48E4-B88B-606989FB43E4}.Debug|Any CPU.ActiveCfg = Debug|Any CPU
		{E9B4EDAA-471A-48E4-B88B-606989FB43E4}.Debug|Any CPU.Build.0 = Debug|Any CPU
		{E9B4EDAA-471A-48E4-B88B-606989FB43E4}.Release|Any CPU.ActiveCfg = Release|Any CPU
		{E9B4EDAA-471A-48E4-B88B-606989FB43E4}.Release|Any CPU.Build.0 = Release|Any CPU
		{CD7C4A3B-DC94-4359-AA15-F75AA21A81C4}.Debug|Any CPU.ActiveCfg = Debug|Any CPU
		{CD7C4A3B-DC94-4359-AA15-F75AA21A81C4}.Debug|Any CPU.Build.0 = Debug|Any CPU
		{CD7C4A3B-DC94-4359-AA15-F75AA21A81C4}.Release|Any CPU.ActiveCfg = Release|Any CPU
		{CD7C4A3B-DC94-4359-AA15-F75AA21A81C4}.Release|Any CPU.Build.0 = Release|Any CPU
		{6F17EF75-8020-420C-90B7-344A7ACCA744}.Debug|Any CPU.ActiveCfg = Debug|Any CPU
		{6F17EF75-8020-420C-90B7-344A7ACCA744}.Debug|Any CPU.Build.0 = Debug|Any CPU
		{6F17EF75-8020-420C-90B7-344A7ACCA744}.Release|Any CPU.ActiveCfg = Release|Any CPU
		{6F17EF75-8020-420C-90B7-344A7ACCA744}.Release|Any CPU.Build.0 = Release|Any CPU
		{4F6EC8E9-23EA-43CE-A7C6-D2AF53F2B5B8}.Debug|Any CPU.ActiveCfg = Debug|Any CPU
		{4F6EC8E9-23EA-43CE-A7C6-D2AF53F2B5B8}.Debug|Any CPU.Build.0 = Debug|Any CPU
		{4F6EC8E9-23EA-43CE-A7C6-D2AF53F2B5B8}.Release|Any CPU.ActiveCfg = Release|Any CPU
		{4F6EC8E9-23EA-43CE-A7C6-D2AF53F2B5B8}.Release|Any CPU.Build.0 = Release|Any CPU
	EndGlobalSection
	GlobalSection(SolutionProperties) = preSolution
		HideSolutionNode = FALSE
	EndGlobalSection
EndGlobal
